{
  "nodes": {
    "excerpt": {
      "inputs": {
        "nixpkgs": [
          "nixpkgs"
        ],
        "rust-overlay": "rust-overlay"
      },
      "locked": {
        "lastModified": 1791667885,
        "narHash": "sha256-20yKuukvqxm0Zjq0x4c3s+r3/jhATKnWgesbSMcN+fQ=",
        "owner": "Danglebary",
        "repo": "excerpt",
        "rev": "ef1a9ca726892b679d33eb6ce643cc835cb1921e",
        "type": "github"
      },
      "original": {
        "owner": "Danglebary",
        "repo": "excerpt",
        "type": "github"
      }
    },
    "home-manager": {
      "inputs": {
        "nixpkgs": [
          "nixpkgs"
        ]
      },
      "locked": {
        "lastModified": 1791484883,
        "narHash": "sha256-iKxFHJrg7Sltwhq3ssCZYQ4CFEDVvReVVuVuO9dj3sE=",
        "owner": "nix-community",
        "repo": "home-manager",
        "rev": "dfadbe5162d5e86bc0808badec8f346f81b4b3f0",
        "type": "github"
      },
      "original": {
        "owner": "nix-community",
        "repo": "home-manager",
        "type": "github"
      }
    },
    "nixpkgs": {
      "locked": {
        "lastModified": 1791456040,
        "narHash": "sha256-H83yz/do+hjOO0uujHyH8RgtIQP2v7Mw+cLwcZK/xKc=",
        "owner": "NixOS",
        "repo": "nixpkgs",
        "rev": "e7439b6b14ad3cc35d05608ebca9bce01a25f5f8",
        "type": "github"
      },
      "original": {
        "owner": "NixOS",
        "ref": "nixos-unstable",
        "repo": "nixpkgs",
        "type": "github"
      }
    },
    "root": {
      "inputs": {
        "excerpt": "excerpt",
        "home-manager": "home-manager",
        "nixpkgs": "nixpkgs",
        "splice": "splice"
      }
    },
    "rust-overlay": {
      "inputs": {
        "nixpkgs": [
          "excerpt",
          "nixpkgs"
        ]
      },
      "locked": {
        "lastModified": 1791448976,
        "narHash": "sha256-HJ4TEF3j7HmLYeEP/PtqjeiBX/6TppXB2qY53HcrWbs=",
        "owner": "oxalica",
        "repo": "rust-overlay",
        "rev": "f91010a5c1b6125b715eb78a84fb5dd8fb74a2b0",
        "type": "github"
      },
      "original": {
        "owner": "oxalica",
        "repo": "rust-overlay",
        "type": "github"
      }
    },
    "rust-overlay_2": {
      "inputs": {
        "nixpkgs": [
          "splice",
          "nixpkgs"
        ]
      },
      "locked": {
        "lastModified": 1791448976,
        "narHash": "sha256-HJ4TEF3j7HmLYeEP/PtqjeiBX/6TppXB2qY53HcrWbs=",
        "owner": "oxalica",
        "repo": "rust-overlay",
        "rev": "f91010a5c1b6125b715eb78a84fb5dd8fb74a2b0",
        "type": "github"
      },
      "original": {
        "owner": "oxalica",
        "repo": "rust-overlay",
        "type": "github"
      }
    },
    "splice": {
      "inputs": {
        "nixpkgs": [
          "nixpkgs"
        ],
        "rust-overlay": "rust-overlay_2"
      },
      "locked": {
        "lastModified": 1791653512,
        "narHash": "sha256-pVwOWDzEhc/GfhEZkkjq9IjxzsIaZuosxb7l8M9kN8k=",
        "owner": "Danglebary",
        "repo": "splice",
        "rev": "ff515f8b9e559553204c737fd2de4e696705c535",
        "type": "github"
      },
      "original": {
        "owner": "Danglebary",
        "repo": "splice",
        "type": "github"
      }
    }
  },
  "root": "root",
  "version": 7
}
